
Microsoft Visual Studio Solution File, Format Version 12.00
Project("{FAE04EC0-301F-11D3-BF4B-00C04F79EFBC}") = "PaperAggro", "PaperAggro.csproj", "{2945B5A1-5B5B-42AB-BFBD-3D67F8B1D026}"
EndProject
Global
	GlobalSection(SolutionConfigurationPlatforms) = preSolution
		Debug|Any CPU = Debug|Any CPU
		Release|Any CPU = Release|Any CPU
	EndGlobalSection
	GlobalSection(ProjectConfigurationPlatforms) = postSolution
		{2945B5A1-5B5B-42AB-BFBD-3D67F8B1D026}.Debug|Any CPU.ActiveCfg = Debug|Any CPU
		{2945B5A1-5B5B-42AB-BFBD-3D67F8B1D026}.Debug|Any CPU.Build.0 = Debug|Any CPU
		{2945B5A1-5B5B-42AB-BFBD-3D67F8B1D026}.Release|Any CPU.ActiveCfg = Release|Any CPU
		{2945B5A1-5B5B-42AB-BFBD-3D67F8B1D026}.Release|Any CPU.Build.0 = Release|Any CPU
	EndGlobalSection
EndGlobal
